
Microsoft Visual Studio Solution File, Format Version 12.00
# Visual Studio 14
VisualStudioVersion = 14.0.25420.1
MinimumVisualStudioVersion = 10.0.40219.1
Project("{FAE04EC0-301F-11D3-BF4B-00C04F79EFBC}") = "ZeengWeb", "ZeengWeb\ZeengWeb.csproj", "{B99EEC3C-6790-4E0C-BF48-119B57BFA586}"
EndProject
Project("{FAE04EC0-301F-11D3-BF4B-00C04F79EFBC}") = "ZBD", "ZBD\ZBD.csproj", "{8474A183-1BAF-4A03-8CFD-29361A873116}"
EndProject
Project("{FAE04EC0-301F-11D3-BF4B-00C04F79EFBC}") = "ZRN", "ZRN\ZRN.csproj", "{4DD08F4B-4BA4-46D8-A1D4-BF9EBC53E24B}"
EndProject
Global
	GlobalSection(SolutionConfigurationPlatforms) = preSolution
		Debug|Any CPU = Debug|Any CPU
		Release|Any CPU = Release|Any CPU
	EndGlobalSection
	GlobalSection(ProjectConfigurationPlatforms) = postSolution
		{B99EEC3C-6790-4E0C-BF48-119B57BFA586}.Debug|Any CPU.ActiveCfg = Debug|Any CPU
		{B99EEC3C-6790-4E0C-BF48-119B57BFA586}.Debug|Any CPU.Build.0 = Debug|Any CPU
		{B99EEC3C-6790-4E0C-BF48-119B57BFA586}.Release|Any CPU.ActiveCfg = Release|Any CPU
		{B99EEC3C-6790-4E0C-BF48-119B57BFA586}.Release|Any CPU.Build.0 = Release|Any CPU
		{8474A183-1BAF-4A03-8CFD-29361A873116}.Debug|Any CPU.ActiveCfg = Debug|Any CPU
		{8474A183-1BAF-4A03-8CFD-29361A873116}.Debug|Any CPU.Build.0 = Debug|Any CPU
		{8474A183-1BAF-4A03-8CFD-29361A873116}.Release|Any CPU.ActiveCfg = Release|Any CPU
		{8474A183-1BAF-4A03-8CFD-29361A873116}.Release|Any CPU.Build.0 = Release|Any CPU
		{4DD08F4B-4BA4-46D8-A1D4-BF9EBC53E24B}.Debug|Any CPU.ActiveCfg = Debug|Any CPU
		{4DD08F4B-4BA4-46D8-A1D4-BF9EBC53E24B}.Debug|Any CPU.Build.0 = Debug|Any CPU
		{4DD08F4B-4BA4-46D8-A1D4-BF9EBC53E24B}.Release|Any CPU.ActiveCfg = Release|Any CPU
		{4DD08F4B-4BA4-46D8-A1D4-BF9EBC53E24B}.Release|Any CPU.Build.0 = Release|Any CPU
	EndGlobalSection
	GlobalSection(SolutionProperties) = preSolution
		HideSolutionNode = FALSE
	EndGlobalSection
EndGlobal
